
Microsoft Visual Studio Solution File, Format Version 12.00
Project("{FAE04EC0-301F-11D3-BF4B-00C04F79EFBC}") = "SIL.FwBuildTasks", "SIL.FwBuildTasks\SIL.FwBuildTasks.csproj", "{7CF064B0-558C-4302-A62A-58FCBADA08C1}"
EndProject
Project("{FAE04EC0-301F-11D3-BF4B-00C04F79EFBC}") = "SIL.FwBuildTasksTests", "SIL.FwBuildTasksTests\SIL.FwBuildTasksTests.csproj", "{E30CEC8E-8946-48B8-A85F-D0C0229495BC}"
EndProject
Global
	GlobalSection(SolutionConfigurationPlatforms) = preSolution
		Debug|Any CPU = Debug|Any CPU
		Release|Any CPU = Release|Any CPU
	EndGlobalSection
	GlobalSection(ProjectConfigurationPlatforms) = postSolution
		{7CF064B0-558C-4302-A62A-58FCBADA08C1}.Debug|Any CPU.ActiveCfg = Debug|Any CPU
		{7CF064B0-558C-4302-A62A-58FCBADA08C1}.Debug|Any CPU.Build.0 = Debug|Any CPU
		{7CF064B0-558C-4302-A62A-58FCBADA08C1}.Release|Any CPU.ActiveCfg = Release|Any CPU
		{7CF064B0-558C-4302-A62A-58FCBADA08C1}.Release|Any CPU.Build.0 = Release|Any CPU
		{E30CEC8E-8946-48B8-A85F-D0C0229495BC}.Debug|Any CPU.ActiveCfg = Debug|Any CPU
		{E30CEC8E-8946-48B8-A85F-D0C0229495BC}.Debug|Any CPU.Build.0 = Debug|Any CPU
		{E30CEC8E-8946-48B8-A85F-D0C0229495BC}.Release|Any CPU.ActiveCfg = Release|Any CPU
		{E30CEC8E-8946-48B8-A85F-D0C0229495BC}.Release|Any CPU.Build.0 = Release|Any CPU
	EndGlobalSection
EndGlobal
